
Microsoft Visual Studio Solution File, Format Version 12.00
# Visual Studio 15
Project("{FAE04EC0-301F-11D3-BF4B-00C04F79EFBC}") = "Microsoft.MixedReality.Toolkit.SDK", "Microsoft.MixedReality.Toolkit.SDK.csproj", "{AFD9120F-5E2E-C3C0-E166-2734AE209BAF}"
EndProject
Project("{FAE04EC0-301F-11D3-BF4B-00C04F79EFBC}") = "Microsoft.MixedReality.Toolkit.Providers.OpenVR", "Microsoft.MixedReality.Toolkit.Providers.OpenVR.csproj", "{CBEE4E91-0A88-648A-8D03-968951616FF0}"
EndProject
Project("{FAE04EC0-301F-11D3-BF4B-00C04F79EFBC}") = "Microsoft.MixedReality.Toolkit.Examples", "Microsoft.MixedReality.Toolkit.Examples.csproj", "{C4BAB2AA-F630-8E9B-AFF1-EA8F45912E00}"
EndProject
Project("{FAE04EC0-301F-11D3-BF4B-00C04F79EFBC}") = "Microsoft.MixedReality.Toolkit", "Microsoft.MixedReality.Toolkit.csproj", "{55A1D881-946E-39DD-4A92-32FC8CB3A6D5}"
EndProject
Project("{FAE04EC0-301F-11D3-BF4B-00C04F79EFBC}") = "Microsoft.MixedReality.Toolkit.Services.SpatialAwarenessSystem", "Microsoft.MixedReality.Toolkit.Services.SpatialAwarenessSystem.csproj", "{8B2364F4-2E1C-1D91-F3AE-E0A7DC1E3515}"
EndProject
Project("{FAE04EC0-301F-11D3-BF4B-00C04F79EFBC}") = "Microsoft.MixedReality.Toolkit.Extensions.SceneTransitionService", "Microsoft.MixedReality.Toolkit.Extensions.SceneTransitionService.csproj", "{4CEF70EE-2A93-5CD8-DC7A-20E78499BAF2}"
EndProject
Project("{FAE04EC0-301F-11D3-BF4B-00C04F79EFBC}") = "Microsoft.MixedReality.Toolkit.Gltf", "Microsoft.MixedReality.Toolkit.Gltf.csproj", "{4863FCB9-A5D2-F747-260B-3729BC7A14A8}"
EndProject
Project("{FAE04EC0-301F-11D3-BF4B-00C04F79EFBC}") = "Microsoft.MixedReality.Toolkit.Services.SceneSystem", "Microsoft.MixedReality.Toolkit.Services.SceneSystem.csproj", "{DF5B7296-B6FA-8796-394A-8A83C9253CE0}"
EndProject
Project("{FAE04EC0-301F-11D3-BF4B-00C04F79EFBC}") = "Microsoft.MixedReality.Toolkit.Services.InputSystem", "Microsoft.MixedReality.Toolkit.Services.InputSystem.csproj", "{FC5BAAE0-AF2A-901C-FE6F-C15A29BA12B7}"
EndProject
Project("{FAE04EC0-301F-11D3-BF4B-00C04F79EFBC}") = "Microsoft.MixedReality.Toolkit.Providers.XRSDK.WindowsMixedReality", "Microsoft.MixedReality.Toolkit.Providers.XRSDK.WindowsMixedReality.csproj", "{C9F25F2B-2F63-8543-3588-B93EA7D3113C}"
EndProject
Project("{FAE04EC0-301F-11D3-BF4B-00C04F79EFBC}") = "Microsoft.MixedReality.Toolkit.Services.InputSimulation", "Microsoft.MixedReality.Toolkit.Services.InputSimulation.csproj", "{318B3D1D-9977-B770-C133-AEEED6488F7C}"
EndProject
Project("{FAE04EC0-301F-11D3-BF4B-00C04F79EFBC}") = "Assembly-CSharp", "Assembly-CSharp.csproj", "{0E7AF0E7-FDD3-ED02-F8B6-BF7186F1CD99}"
EndProject
Project("{FAE04EC0-301F-11D3-BF4B-00C04F79EFBC}") = "Microsoft.MixedReality.Toolkit.Providers.UnityAR", "Microsoft.MixedReality.Toolkit.Providers.UnityAR.csproj", "{2FD3EC58-91D7-438D-D06B-5D4698BBDBFA}"
EndProject
Project("{FAE04EC0-301F-11D3-BF4B-00C04F79EFBC}") = "Microsoft.MixedReality.Toolkit.Services.InputAnimation", "Microsoft.MixedReality.Toolkit.Services.InputAnimation.csproj", "{F26CEC63-D931-5893-A38E-078C71F27DD3}"
EndProject
Project("{FAE04EC0-301F-11D3-BF4B-00C04F79EFBC}") = "Microsoft.MixedReality.Toolkit.Providers.WindowsVoiceInput", "Microsoft.MixedReality.Toolkit.Providers.WindowsVoiceInput.csproj", "{83BA44C5-AA27-7F44-070A-43E2EA834292}"
EndProject
Project("{FAE04EC0-301F-11D3-BF4B-00C04F79EFBC}") = "Microsoft.MixedReality.Toolkit.Extensions.Tracking", "Microsoft.MixedReality.Toolkit.Extensions.Tracking.csproj", "{EFB546A0-F938-CFB3-65CD-6DEF421BCFA5}"
EndProject
Project("{FAE04EC0-301F-11D3-BF4B-00C04F79EFBC}") = "Microsoft.MixedReality.Toolkit.Services.DiagnosticsSystem", "Microsoft.MixedReality.Toolkit.Services.DiagnosticsSystem.csproj", "{29DD6EAF-1123-16BE-34D0-9A74B3A28461}"
EndProject
Project("{FAE04EC0-301F-11D3-BF4B-00C04F79EFBC}") = "Microsoft.MixedReality.Toolkit.Demos.InspectorFields", "Microsoft.MixedReality.Toolkit.Demos.InspectorFields.csproj", "{62CB8896-60D3-E0A8-8FE1-687663E1CD4C}"
EndProject
Project("{FAE04EC0-301F-11D3-BF4B-00C04F79EFBC}") = "Microsoft.MixedReality.Toolkit.Extensions.HandPhysics", "Microsoft.MixedReality.Toolkit.Extensions.HandPhysics.csproj", "{9B8C3946-77B0-4883-1851-71A60BCFC6CC}"
EndProject
Project("{FAE04EC0-301F-11D3-BF4B-00C04F79EFBC}") = "Microsoft.MixedReality.Toolkit.Async", "Microsoft.MixedReality.Toolkit.Async.csproj", "{45DE96F8-6150-B000-682B-5871D1F16D89}"
EndProject
Project("{FAE04EC0-301F-11D3-BF4B-00C04F79EFBC}") = "Microsoft.MixedReality.Toolkit.Providers.WindowsMixedReality", "Microsoft.MixedReality.Toolkit.Providers.WindowsMixedReality.csproj", "{5F67664D-B88D-A18D-DFF7-EDBC6B625690}"
EndProject
Project("{FAE04EC0-301F-11D3-BF4B-00C04F79EFBC}") = "Microsoft.MixedReality.Toolkit.Demos.Gltf", "Microsoft.MixedReality.Toolkit.Demos.Gltf.csproj", "{BB0775B2-E257-7AC9-42ED-802C594AA1C9}"
EndProject
Project("{FAE04EC0-301F-11D3-BF4B-00C04F79EFBC}") = "Microsoft.MixedReality.Toolkit.Demos.UX.Interactables", "Microsoft.MixedReality.Toolkit.Demos.UX.Interactables.csproj", "{675E63D7-77DD-4615-25D9-CC5F5E616CE0}"
EndProject
Project("{FAE04EC0-301F-11D3-BF4B-00C04F79EFBC}") = "Microsoft.MixedReality.Toolkit.Providers.WindowsMixedReality.Shared", "Microsoft.MixedReality.Toolkit.Providers.WindowsMixedReality.Shared.csproj", "{D1475E13-050F-F440-54F8-973E015D4E82}"
EndProject
Project("{FAE04EC0-301F-11D3-BF4B-00C04F79EFBC}") = "Microsoft.MixedReality.Toolkit.Services.TeleportSystem", "Microsoft.MixedReality.Toolkit.Services.TeleportSystem.csproj", "{5090CB19-057D-4058-567A-EAB365838B93}"
EndProject
Project("{FAE04EC0-301F-11D3-BF4B-00C04F79EFBC}") = "Microsoft.MixedReality.Toolkit.Tools.Runtime", "Microsoft.MixedReality.Toolkit.Tools.Runtime.csproj", "{34349D2C-31E5-E51A-D8C6-B533907D8DF3}"
EndProject
Project("{FAE04EC0-301F-11D3-BF4B-00C04F79EFBC}") = "Microsoft.MixedReality.Toolkit.Providers.XRSDK", "Microsoft.MixedReality.Toolkit.Providers.XRSDK.csproj", "{9E252A24-7247-18DC-FC9C-07C47364E29E}"
EndProject
Project("{FAE04EC0-301F-11D3-BF4B-00C04F79EFBC}") = "Microsoft.MixedReality.Toolkit.Services.CameraSystem", "Microsoft.MixedReality.Toolkit.Services.CameraSystem.csproj", "{FD399B0D-5756-B569-E936-D26C6DC557B4}"
EndProject
Project("{FAE04EC0-301F-11D3-BF4B-00C04F79EFBC}") = "Microsoft.MixedReality.Toolkit.Services.BoundarySystem", "Microsoft.MixedReality.Toolkit.Services.BoundarySystem.csproj", "{A7D70B45-83B9-28C1-CA65-A7DF909CB7FC}"
EndProject
Project("{FAE04EC0-301F-11D3-BF4B-00C04F79EFBC}") = "Microsoft.MixedReality.Toolkit.SDK.Inspectors", "Microsoft.MixedReality.Toolkit.SDK.Inspectors.csproj", "{F3C2F878-48F5-934D-5C08-0991808211DD}"
EndProject
Project("{FAE04EC0-301F-11D3-BF4B-00C04F79EFBC}") = "Microsoft.MixedReality.Toolkit.Editor.Inspectors", "Microsoft.MixedReality.Toolkit.Editor.Inspectors.csproj", "{37741085-C37C-B4CA-FEF0-A0FCAD7B090A}"
EndProject
Project("{FAE04EC0-301F-11D3-BF4B-00C04F79EFBC}") = "Microsoft.MixedReality.Toolkit.Editor.ServiceInspectors", "Microsoft.MixedReality.Toolkit.Editor.ServiceInspectors.csproj", "{B72588D1-2D82-B5F4-A829-8B6946DA1435}"
EndProject
Project("{FAE04EC0-301F-11D3-BF4B-00C04F79EFBC}") = "Microsoft.MixedReality.Toolkit.SDK.Experimental.Inspectors", "Microsoft.MixedReality.Toolkit.SDK.Experimental.Inspectors.csproj", "{D0CDA358-0F6F-61C5-9E54-55ABF63617E8}"
EndProject
Project("{FAE04EC0-301F-11D3-BF4B-00C04F79EFBC}") = "Microsoft.MixedReality.Toolkit.Providers.XRSDK.WindowsMixedReality.Editor", "Microsoft.MixedReality.Toolkit.Providers.XRSDK.WindowsMixedReality.Editor.csproj", "{9CAA596F-1A81-84C4-226D-9C148E204CD2}"
EndProject
Project("{FAE04EC0-301F-11D3-BF4B-00C04F79EFBC}") = "Microsoft.MixedReality.Toolkit.Demos.InspectorFields.Inspectors", "Microsoft.MixedReality.Toolkit.Demos.InspectorFields.Inspectors.csproj", "{7DF31D70-290C-7EC9-B2BA-F14E7AE5637B}"
EndProject
Project("{FAE04EC0-301F-11D3-BF4B-00C04F79EFBC}") = "Microsoft.MixedReality.Toolkit.Editor.Utilities", "Microsoft.MixedReality.Toolkit.Editor.Utilities.csproj", "{BBF68D15-74CA-7824-257F-1BD046C528F8}"
EndProject
Project("{FAE04EC0-301F-11D3-BF4B-00C04F79EFBC}") = "Microsoft.MixedReality.Toolkit.Tools", "Microsoft.MixedReality.Toolkit.Tools.csproj", "{F48F351C-C4D7-07B8-C896-B35B94B7AE98}"
EndProject
Project("{FAE04EC0-301F-11D3-BF4B-00C04F79EFBC}") = "Microsoft.MixedReality.Toolkit.Demos.StandardShader.Inspectors", "Microsoft.MixedReality.Toolkit.Demos.StandardShader.Inspectors.csproj", "{14317745-454F-B01E-2697-D2707F8B19A4}"
EndProject
Project("{FAE04EC0-301F-11D3-BF4B-00C04F79EFBC}") = "Microsoft.MixedReality.Toolkit.Providers.ObjectMeshObserver", "Microsoft.MixedReality.Toolkit.Providers.ObjectMeshObserver.csproj", "{0BF1DE9A-7E72-91BA-ABE6-66DB68A91456}"
EndProject
Project("{FAE04EC0-301F-11D3-BF4B-00C04F79EFBC}") = "Microsoft.MixedReality.Toolkit.Editor.ClassExtensions", "Microsoft.MixedReality.Toolkit.Editor.ClassExtensions.csproj", "{07E83FD8-FE8E-36F1-6A2C-1E7A0F43236B}"
EndProject
Project("{FAE04EC0-301F-11D3-BF4B-00C04F79EFBC}") = "Microsoft.MixedReality.Toolkit.Gltf.Importers", "Microsoft.MixedReality.Toolkit.Gltf.Importers.csproj", "{6507A93B-2859-1FC8-913D-9E2267CB6FD8}"
EndProject
Project("{FAE04EC0-301F-11D3-BF4B-00C04F79EFBC}") = "Microsoft.MixedReality.Toolkit.Providers.WindowsMixedReality.ConfigCheck", "Microsoft.MixedReality.Toolkit.Providers.WindowsMixedReality.ConfigCheck.csproj", "{8547F167-384A-732B-3DC3-5F9F4C247A5C}"
EndProject
Project("{FAE04EC0-301F-11D3-BF4B-00C04F79EFBC}") = "Microsoft.MixedReality.Toolkit.Services.InputSimulation.Editor", "Microsoft.MixedReality.Toolkit.Services.InputSimulation.Editor.csproj", "{6C6034F0-2A24-C035-51BE-8FCAF1A4CD19}"
EndProject
Project("{FAE04EC0-301F-11D3-BF4B-00C04F79EFBC}") = "Microsoft.MixedReality.Toolkit.MSBuild", "Microsoft.MixedReality.Toolkit.MSBuild.csproj", "{B6E7D31C-5B22-6BBD-EC3E-2307A87D69D2}"
EndProject
Project("{FAE04EC0-301F-11D3-BF4B-00C04F79EFBC}") = "Microsoft.MixedReality.Toolkit.Editor.BuildAndDeploy", "Microsoft.MixedReality.Toolkit.Editor.BuildAndDeploy.csproj", "{B1715E8D-8FC0-7A9C-3488-841DEBDE9015}"
EndProject
Project("{FAE04EC0-301F-11D3-BF4B-00C04F79EFBC}") = "Microsoft.MixedReality.Toolkit.Demos.Gltf.Inspectors", "Microsoft.MixedReality.Toolkit.Demos.Gltf.Inspectors.csproj", "{3F1EA954-98F5-E806-B188-8EEBD1CD4E25}"
EndProject
Project("{FAE04EC0-301F-11D3-BF4B-00C04F79EFBC}") = "Microsoft.MixedReality.Toolkit.Examples.Editor.Inspectors", "Microsoft.MixedReality.Toolkit.Examples.Editor.Inspectors.csproj", "{5A89DFA7-C856-7ED0-4DF4-BD3E1CAF0094}"
EndProject
Project("{FAE04EC0-301F-11D3-BF4B-00C04F79EFBC}") = "Microsoft.MixedReality.Toolkit.Providers.UnityAR.ConfigCheck", "Microsoft.MixedReality.Toolkit.Providers.UnityAR.ConfigCheck.csproj", "{9496A240-4021-8C75-DE44-30AF120DDF3F}"
EndProject
Project("{FAE04EC0-301F-11D3-BF4B-00C04F79EFBC}") = "Microsoft.MixedReality.Toolkit.Providers.XRSDK.ConfigCheck", "Microsoft.MixedReality.Toolkit.Providers.XRSDK.ConfigCheck.csproj", "{1D578F8A-4E0F-77D4-53AF-8BB3AF30F530}"
EndProject
Project("{FAE04EC0-301F-11D3-BF4B-00C04F79EFBC}") = "Microsoft.MixedReality.Toolkit.Providers.UnityAR.Editor", "Microsoft.MixedReality.Toolkit.Providers.UnityAR.Editor.csproj", "{21FC3CD3-B131-C934-EA9D-54A86582B75A}"
EndProject
Project("{FAE04EC0-301F-11D3-BF4B-00C04F79EFBC}") = "Microsoft.MixedReality.Toolkit.Extensions.Tracking.Editor", "Microsoft.MixedReality.Toolkit.Extensions.Tracking.Editor.csproj", "{4032CA76-B493-357B-5A3D-8568E83EE42C}"
EndProject
Project("{FAE04EC0-301F-11D3-BF4B-00C04F79EFBC}") = "Microsoft.MixedReality.Toolkit.Providers.WindowsMixedReality.Editor", "Microsoft.MixedReality.Toolkit.Providers.WindowsMixedReality.Editor.csproj", "{EC0E403C-B5DF-84CA-330A-6B910436C4A0}"
EndProject
Project("{FAE04EC0-301F-11D3-BF4B-00C04F79EFBC}") = "Microsoft.MixedReality.Toolkit.Services.InputSystem.Editor", "Microsoft.MixedReality.Toolkit.Services.InputSystem.Editor.csproj", "{DF6E3B73-B9E5-C280-FC94-1A7AD900850E}"
EndProject
Project("{FAE04EC0-301F-11D3-BF4B-00C04F79EFBC}") = "Unity.XR.ARSubsystems.Player", "Unity.XR.ARSubsystems.Player.csproj", "{59388158-F4E4-A1A4-96D2-306AF9F2286A}"
EndProject
Project("{FAE04EC0-301F-11D3-BF4B-00C04F79EFBC}") = "UnityEngine.TestRunner.Player", "UnityEngine.TestRunner.Player.csproj", "{64B4EAA5-8AA2-5850-8A28-43DF4A8FEFDB}"
EndProject
Project("{FAE04EC0-301F-11D3-BF4B-00C04F79EFBC}") = "Microsoft.MixedReality.Toolkit.SDK.Player", "Microsoft.MixedReality.Toolkit.SDK.Player.csproj", "{ECBB42D1-A9C2-40B6-41A6-BA9CA760A185}"
EndProject
Project("{FAE04EC0-301F-11D3-BF4B-00C04F79EFBC}") = "Microsoft.MixedReality.Toolkit.Examples.Player", "Microsoft.MixedReality.Toolkit.Examples.Player.csproj", "{00A402B2-92CC-B026-7261-3E1E45D0DAF8}"
EndProject
Project("{FAE04EC0-301F-11D3-BF4B-00C04F79EFBC}") = "Microsoft.MixedReality.Toolkit.Player", "Microsoft.MixedReality.Toolkit.Player.csproj", "{727B8E52-3D66-AE7B-BD38-F9D8FD88DD56}"
EndProject
Project("{FAE04EC0-301F-11D3-BF4B-00C04F79EFBC}") = "Microsoft.MixedReality.Toolkit.Services.SpatialAwarenessSystem.Player", "Microsoft.MixedReality.Toolkit.Services.SpatialAwarenessSystem.Player.csproj", "{BA2FB561-2A3F-E7AB-3761-5B90784852F5}"
EndProject
Project("{FAE04EC0-301F-11D3-BF4B-00C04F79EFBC}") = "Unity.TextMeshPro.Player", "Unity.TextMeshPro.Player.csproj", "{F1CA471D-22AC-18A9-132D-9C670FF66678}"
EndProject
Project("{FAE04EC0-301F-11D3-BF4B-00C04F79EFBC}") = "Microsoft.MixedReality.Toolkit.Extensions.SceneTransitionService.Player", "Microsoft.MixedReality.Toolkit.Extensions.SceneTransitionService.Player.csproj", "{66217A69-78AD-E46C-9633-3D65858A29B5}"
EndProject
Project("{FAE04EC0-301F-11D3-BF4B-00C04F79EFBC}") = "Unity.Timeline.Player", "Unity.Timeline.Player.csproj", "{31AC8158-7C83-018B-709E-1EF63B6E8227}"
EndProject
Project("{FAE04EC0-301F-11D3-BF4B-00C04F79EFBC}") = "Unity.XR.InteractionSubsystems.Player", "Unity.XR.InteractionSubsystems.Player.csproj", "{EDE22954-09E1-9640-A078-0645CA9124B1}"
EndProject
Project("{FAE04EC0-301F-11D3-BF4B-00C04F79EFBC}") = "Microsoft.MixedReality.Toolkit.Gltf.Player", "Microsoft.MixedReality.Toolkit.Gltf.Player.csproj", "{C05B3382-221F-81EE-D922-1D4566EE5271}"
EndProject
Project("{FAE04EC0-301F-11D3-BF4B-00C04F79EFBC}") = "Microsoft.MixedReality.Toolkit.Services.SceneSystem.Player", "Microsoft.MixedReality.Toolkit.Services.SceneSystem.Player.csproj", "{811FDE3E-F9F4-7C15-A875-F2B2FCD75F42}"
EndProject
Project("{FAE04EC0-301F-11D3-BF4B-00C04F79EFBC}") = "Microsoft.MixedReality.Toolkit.Services.InputSystem.Player", "Microsoft.MixedReality.Toolkit.Services.InputSystem.Player.csproj", "{1D02E31F-51C1-523C-5B60-68B5D4D47551}"
EndProject
Project("{FAE04EC0-301F-11D3-BF4B-00C04F79EFBC}") = "Unity.XR.WindowsMixedReality.Player", "Unity.XR.WindowsMixedReality.Player.csproj", "{E0E8D510-D19B-B241-53C9-6E2C70644364}"
EndProject
Project("{FAE04EC0-301F-11D3-BF4B-00C04F79EFBC}") = "Microsoft.MixedReality.Toolkit.Providers.XRSDK.WindowsMixedReality.Player", "Microsoft.MixedReality.Toolkit.Providers.XRSDK.WindowsMixedReality.Player.csproj", "{869985E5-76C4-5DD2-0A5C-5E6D345C179E}"
EndProject
Project("{FAE04EC0-301F-11D3-BF4B-00C04F79EFBC}") = "UnityEngine.XR.LegacyInputHelpers.Player", "UnityEngine.XR.LegacyInputHelpers.Player.csproj", "{30C19096-07FC-A6E1-DB60-62107C6BA783}"
EndProject
Project("{FAE04EC0-301F-11D3-BF4B-00C04F79EFBC}") = "Microsoft.MixedReality.Toolkit.Services.InputSimulation.Player", "Microsoft.MixedReality.Toolkit.Services.InputSimulation.Player.csproj", "{D35AB74B-780F-6F44-D4E3-4223C8C8DC8D}"
EndProject
Project("{FAE04EC0-301F-11D3-BF4B-00C04F79EFBC}") = "Assembly-CSharp.Player", "Assembly-CSharp.Player.csproj", "{37CDCF3F-0389-B63F-5625-A1C74B87B5B7}"
EndProject
Project("{FAE04EC0-301F-11D3-BF4B-00C04F79EFBC}") = "Unity.XR.Management.Player", "Unity.XR.Management.Player.csproj", "{0ED343D0-42B1-8ED9-F587-90C43FB6D8BA}"
EndProject
Project("{FAE04EC0-301F-11D3-BF4B-00C04F79EFBC}") = "Microsoft.MixedReality.Toolkit.Services.InputAnimation.Player", "Microsoft.MixedReality.Toolkit.Services.InputAnimation.Player.csproj", "{466C101C-775C-9DA1-FFE6-1FC7E8A31A1B}"
EndProject
Project("{FAE04EC0-301F-11D3-BF4B-00C04F79EFBC}") = "Microsoft.MixedReality.Toolkit.Providers.WindowsVoiceInput.Player", "Microsoft.MixedReality.Toolkit.Providers.WindowsVoiceInput.Player.csproj", "{F2BCBB74-6AC0-BB8F-3C3A-0A17D53927D9}"
EndProject
Project("{FAE04EC0-301F-11D3-BF4B-00C04F79EFBC}") = "Microsoft.MixedReality.Toolkit.Extensions.Tracking.Player", "Microsoft.MixedReality.Toolkit.Extensions.Tracking.Player.csproj", "{C4128F00-F8C6-F193-EEA8-D14C50522E9B}"
EndProject
Project("{FAE04EC0-301F-11D3-BF4B-00C04F79EFBC}") = "Microsoft.MixedReality.Toolkit.Services.DiagnosticsSystem.Player", "Microsoft.MixedReality.Toolkit.Services.DiagnosticsSystem.Player.csproj", "{D90CE579-1DB1-9FC7-8189-451F996ACB27}"
EndProject
Project("{FAE04EC0-301F-11D3-BF4B-00C04F79EFBC}") = "Unity.Subsystem.Registration.Player", "Unity.Subsystem.Registration.Player.csproj", "{093BE37F-3463-ACAF-3A02-231C5108C8D2}"
EndProject
Project("{FAE04EC0-301F-11D3-BF4B-00C04F79EFBC}") = "Microsoft.MixedReality.Toolkit.Demos.InspectorFields.Player", "Microsoft.MixedReality.Toolkit.Demos.InspectorFields.Player.csproj", "{AC63EBE7-128E-FD30-C475-A0A0498AB1A9}"
EndProject
Project("{FAE04EC0-301F-11D3-BF4B-00C04F79EFBC}") = "UnityEngine.SpatialTracking.Player", "UnityEngine.SpatialTracking.Player.csproj", "{A1D5F528-C520-8010-C634-8CFCEA395C08}"
EndProject
Project("{FAE04EC0-301F-11D3-BF4B-00C04F79EFBC}") = "Microsoft.MixedReality.Toolkit.Extensions.HandPhysics.Player", "Microsoft.MixedReality.Toolkit.Extensions.HandPhysics.Player.csproj", "{DA19F478-0E11-9BB6-0B3C-07BBAF74FCDE}"
EndProject
Project("{FAE04EC0-301F-11D3-BF4B-00C04F79EFBC}") = "Microsoft.MixedReality.Toolkit.Async.Player", "Microsoft.MixedReality.Toolkit.Async.Player.csproj", "{71A7BF34-8E17-F8AA-87FB-7C40B7890803}"
EndProject
Project("{FAE04EC0-301F-11D3-BF4B-00C04F79EFBC}") = "Microsoft.MixedReality.Toolkit.Providers.WindowsMixedReality.Player", "Microsoft.MixedReality.Toolkit.Providers.WindowsMixedReality.Player.csproj", "{CB6607B2-6A1E-E789-F581-855AD50EA17B}"
EndProject
Project("{FAE04EC0-301F-11D3-BF4B-00C04F79EFBC}") = "Microsoft.MixedReality.Toolkit.Demos.Gltf.Player", "Microsoft.MixedReality.Toolkit.Demos.Gltf.Player.csproj", "{53C2C953-EA73-B813-FA30-4100A2DD3117}"
EndProject
Project("{FAE04EC0-301F-11D3-BF4B-00C04F79EFBC}") = "Microsoft.MixedReality.Toolkit.Demos.UX.Interactables.Player", "Microsoft.MixedReality.Toolkit.Demos.UX.Interactables.Player.csproj", "{AE770AE1-4D7A-3220-1624-FD76E7F2B773}"
EndProject
Project("{FAE04EC0-301F-11D3-BF4B-00C04F79EFBC}") = "Microsoft.MixedReality.Toolkit.Providers.WindowsMixedReality.Shared.Player", "Microsoft.MixedReality.Toolkit.Providers.WindowsMixedReality.Shared.Player.csproj", "{63A1A114-E7BC-3AE3-5C6E-4BD2A085B73A}"
EndProject
Project("{FAE04EC0-301F-11D3-BF4B-00C04F79EFBC}") = "Microsoft.MixedReality.Toolkit.Services.TeleportSystem.Player", "Microsoft.MixedReality.Toolkit.Services.TeleportSystem.Player.csproj", "{09B7D19C-D603-94A7-6511-2970C3BE8708}"
EndProject
Project("{FAE04EC0-301F-11D3-BF4B-00C04F79EFBC}") = "Microsoft.MixedReality.Toolkit.Tools.Runtime.Player", "Microsoft.MixedReality.Toolkit.Tools.Runtime.Player.csproj", "{14F0111B-7DB4-2205-11DB-540A9D06149F}"
EndProject
Project("{FAE04EC0-301F-11D3-BF4B-00C04F79EFBC}") = "Microsoft.MixedReality.Toolkit.Providers.XRSDK.Player", "Microsoft.MixedReality.Toolkit.Providers.XRSDK.Player.csproj", "{250D9C9D-87C9-FC05-8DF1-70444DEF1D54}"
EndProject
Project("{FAE04EC0-301F-11D3-BF4B-00C04F79EFBC}") = "Microsoft.MixedReality.Toolkit.Services.CameraSystem.Player", "Microsoft.MixedReality.Toolkit.Services.CameraSystem.Player.csproj", "{E85408AB-BD06-3393-EA13-9BB291B52A4D}"
EndProject
Project("{FAE04EC0-301F-11D3-BF4B-00C04F79EFBC}") = "Microsoft.MixedReality.Toolkit.Services.BoundarySystem.Player", "Microsoft.MixedReality.Toolkit.Services.BoundarySystem.Player.csproj", "{553B34A8-321C-F187-21A8-61C2784BE429}"
EndProject
Global
	GlobalSection(SolutionConfigurationPlatforms) = preSolution
		Debug|Any CPU = Debug|Any CPU
		Release|Any CPU = Release|Any CPU
	EndGlobalSection
	GlobalSection(ProjectConfigurationPlatforms) = postSolution
		{AFD9120F-5E2E-C3C0-E166-2734AE209BAF}.Debug|Any CPU.ActiveCfg = Debug|Any CPU
		{AFD9120F-5E2E-C3C0-E166-2734AE209BAF}.Debug|Any CPU.Build.0 = Debug|Any CPU
		{AFD9120F-5E2E-C3C0-E166-2734AE209BAF}.Release|Any CPU.ActiveCfg = Release|Any CPU
		{AFD9120F-5E2E-C3C0-E166-2734AE209BAF}.Release|Any CPU.Build.0 = Release|Any CPU
		{CBEE4E91-0A88-648A-8D03-968951616FF0}.Debug|Any CPU.ActiveCfg = Debug|Any CPU
		{CBEE4E91-0A88-648A-8D03-968951616FF0}.Debug|Any CPU.Build.0 = Debug|Any CPU
		{CBEE4E91-0A88-648A-8D03-968951616FF0}.Release|Any CPU.ActiveCfg = Release|Any CPU
		{CBEE4E91-0A88-648A-8D03-968951616FF0}.Release|Any CPU.Build.0 = Release|Any CPU
		{C4BAB2AA-F630-8E9B-AFF1-EA8F45912E00}.Debug|Any CPU.ActiveCfg = Debug|Any CPU
		{C4BAB2AA-F630-8E9B-AFF1-EA8F45912E00}.Debug|Any CPU.Build.0 = Debug|Any CPU
		{C4BAB2AA-F630-8E9B-AFF1-EA8F45912E00}.Release|Any CPU.ActiveCfg = Release|Any CPU
		{C4BAB2AA-F630-8E9B-AFF1-EA8F45912E00}.Release|Any CPU.Build.0 = Release|Any CPU
		{55A1D881-946E-39DD-4A92-32FC8CB3A6D5}.Debug|Any CPU.ActiveCfg = Debug|Any CPU
		{55A1D881-946E-39DD-4A92-32FC8CB3A6D5}.Debug|Any CPU.Build.0 = Debug|Any CPU
		{55A1D881-946E-39DD-4A92-32FC8CB3A6D5}.Release|Any CPU.ActiveCfg = Release|Any CPU
		{55A1D881-946E-39DD-4A92-32FC8CB3A6D5}.Release|Any CPU.Build.0 = Release|Any CPU
		{8B2364F4-2E1C-1D91-F3AE-E0A7DC1E3515}.Debug|Any CPU.ActiveCfg = Debug|Any CPU
		{8B2364F4-2E1C-1D91-F3AE-E0A7DC1E3515}.Debug|Any CPU.Build.0 = Debug|Any CPU
		{8B2364F4-2E1C-1D91-F3AE-E0A7DC1E3515}.Release|Any CPU.ActiveCfg = Release|Any CPU
		{8B2364F4-2E1C-1D91-F3AE-E0A7DC1E3515}.Release|Any CPU.Build.0 = Release|Any CPU
		{4CEF70EE-2A93-5CD8-DC7A-20E78499BAF2}.Debug|Any CPU.ActiveCfg = Debug|Any CPU
		{4CEF70EE-2A93-5CD8-DC7A-20E78499BAF2}.Debug|Any CPU.Build.0 = Debug|Any CPU
		{4CEF70EE-2A93-5CD8-DC7A-20E78499BAF2}.Release|Any CPU.ActiveCfg = Release|Any CPU
		{4CEF70EE-2A93-5CD8-DC7A-20E78499BAF2}.Release|Any CPU.Build.0 = Release|Any CPU
		{4863FCB9-A5D2-F747-260B-3729BC7A14A8}.Debug|Any CPU.ActiveCfg = Debug|Any CPU
		{4863FCB9-A5D2-F747-260B-3729BC7A14A8}.Debug|Any CPU.Build.0 = Debug|Any CPU
		{4863FCB9-A5D2-F747-260B-3729BC7A14A8}.Release|Any CPU.ActiveCfg = Release|Any CPU
		{4863FCB9-A5D2-F747-260B-3729BC7A14A8}.Release|Any CPU.Build.0 = Release|Any CPU
		{DF5B7296-B6FA-8796-394A-8A83C9253CE0}.Debug|Any CPU.ActiveCfg = Debug|Any CPU
		{DF5B7296-B6FA-8796-394A-8A83C9253CE0}.Debug|Any CPU.Build.0 = Debug|Any CPU
		{DF5B7296-B6FA-8796-394A-8A83C9253CE0}.Release|Any CPU.ActiveCfg = Release|Any CPU
		{DF5B7296-B6FA-8796-394A-8A83C9253CE0}.Release|Any CPU.Build.0 = Release|Any CPU
		{FC5BAAE0-AF2A-901C-FE6F-C15A29BA12B7}.Debug|Any CPU.ActiveCfg = Debug|Any CPU
		{FC5BAAE0-AF2A-901C-FE6F-C15A29BA12B7}.Debug|Any CPU.Build.0 = Debug|Any CPU
		{FC5BAAE0-AF2A-901C-FE6F-C15A29BA12B7}.Release|Any CPU.ActiveCfg = Release|Any CPU
		{FC5BAAE0-AF2A-901C-FE6F-C15A29BA12B7}.Release|Any CPU.Build.0 = Release|Any CPU
		{C9F25F2B-2F63-8543-3588-B93EA7D3113C}.Debug|Any CPU.ActiveCfg = Debug|Any CPU
		{C9F25F2B-2F63-8543-3588-B93EA7D3113C}.Debug|Any CPU.Build.0 = Debug|Any CPU
		{C9F25F2B-2F63-8543-3588-B93EA7D3113C}.Release|Any CPU.ActiveCfg = Release|Any CPU
		{C9F25F2B-2F63-8543-3588-B93EA7D3113C}.Release|Any CPU.Build.0 = Release|Any CPU
		{318B3D1D-9977-B770-C133-AEEED6488F7C}.Debug|Any CPU.ActiveCfg = Debug|Any CPU
		{318B3D1D-9977-B770-C133-AEEED6488F7C}.Debug|Any CPU.Build.0 = Debug|Any CPU
		{318B3D1D-9977-B770-C133-AEEED6488F7C}.Release|Any CPU.ActiveCfg = Release|Any CPU
		{318B3D1D-9977-B770-C133-AEEED6488F7C}.Release|Any CPU.Build.0 = Release|Any CPU
		{0E7AF0E7-FDD3-ED02-F8B6-BF7186F1CD99}.Debug|Any CPU.ActiveCfg = Debug|Any CPU
		{0E7AF0E7-FDD3-ED02-F8B6-BF7186F1CD99}.Debug|Any CPU.Build.0 = Debug|Any CPU
		{0E7AF0E7-FDD3-ED02-F8B6-BF7186F1CD99}.Release|Any CPU.ActiveCfg = Release|Any CPU
		{0E7AF0E7-FDD3-ED02-F8B6-BF7186F1CD99}.Release|Any CPU.Build.0 = Release|Any CPU
		{2FD3EC58-91D7-438D-D06B-5D4698BBDBFA}.Debug|Any CPU.ActiveCfg = Debug|Any CPU
		{2FD3EC58-91D7-438D-D06B-5D4698BBDBFA}.Debug|Any CPU.Build.0 = Debug|Any CPU
		{2FD3EC58-91D7-438D-D06B-5D4698BBDBFA}.Release|Any CPU.ActiveCfg = Release|Any CPU
		{2FD3EC58-91D7-438D-D06B-5D4698BBDBFA}.Release|Any CPU.Build.0 = Release|Any CPU
		{F26CEC63-D931-5893-A38E-078C71F27DD3}.Debug|Any CPU.ActiveCfg = Debug|Any CPU
		{F26CEC63-D931-5893-A38E-078C71F27DD3}.Debug|Any CPU.Build.0 = Debug|Any CPU
		{F26CEC63-D931-5893-A38E-078C71F27DD3}.Release|Any CPU.ActiveCfg = Release|Any CPU
		{F26CEC63-D931-5893-A38E-078C71F27DD3}.Release|Any CPU.Build.0 = Release|Any CPU
		{83BA44C5-AA27-7F44-070A-43E2EA834292}.Debug|Any CPU.ActiveCfg = Debug|Any CPU
		{83BA44C5-AA27-7F44-070A-43E2EA834292}.Debug|Any CPU.Build.0 = Debug|Any CPU
		{83BA44C5-AA27-7F44-070A-43E2EA834292}.Release|Any CPU.ActiveCfg = Release|Any CPU
		{83BA44C5-AA27-7F44-070A-43E2EA834292}.Release|Any CPU.Build.0 = Release|Any CPU
		{EFB546A0-F938-CFB3-65CD-6DEF421BCFA5}.Debug|Any CPU.ActiveCfg = Debug|Any CPU
		{EFB546A0-F938-CFB3-65CD-6DEF421BCFA5}.Debug|Any CPU.Build.0 = Debug|Any CPU
		{EFB546A0-F938-CFB3-65CD-6DEF421BCFA5}.Release|Any CPU.ActiveCfg = Release|Any CPU
		{EFB546A0-F938-CFB3-65CD-6DEF421BCFA5}.Release|Any CPU.Build.0 = Release|Any CPU
		{29DD6EAF-1123-16BE-34D0-9A74B3A28461}.Debug|Any CPU.ActiveCfg = Debug|Any CPU
		{29DD6EAF-1123-16BE-34D0-9A74B3A28461}.Debug|Any CPU.Build.0 = Debug|Any CPU
		{29DD6EAF-1123-16BE-34D0-9A74B3A28461}.Release|Any CPU.ActiveCfg = Release|Any CPU
		{29DD6EAF-1123-16BE-34D0-9A74B3A28461}.Release|Any CPU.Build.0 = Release|Any CPU
		{62CB8896-60D3-E0A8-8FE1-687663E1CD4C}.Debug|Any CPU.ActiveCfg = Debug|Any CPU
		{62CB8896-60D3-E0A8-8FE1-687663E1CD4C}.Debug|Any CPU.Build.0 = Debug|Any CPU
		{62CB8896-60D3-E0A8-8FE1-687663E1CD4C}.Release|Any CPU.ActiveCfg = Release|Any CPU
		{62CB8896-60D3-E0A8-8FE1-687663E1CD4C}.Release|Any CPU.Build.0 = Release|Any CPU
		{9B8C3946-77B0-4883-1851-71A60BCFC6CC}.Debug|Any CPU.ActiveCfg = Debug|Any CPU
		{9B8C3946-77B0-4883-1851-71A60BCFC6CC}.Debug|Any CPU.Build.0 = Debug|Any CPU
		{9B8C3946-77B0-4883-1851-71A60BCFC6CC}.Release|Any CPU.ActiveCfg = Release|Any CPU
		{9B8C3946-77B0-4883-1851-71A60BCFC6CC}.Release|Any CPU.Build.0 = Release|Any CPU
		{45DE96F8-6150-B000-682B-5871D1F16D89}.Debug|Any CPU.ActiveCfg = Debug|Any CPU
		{45DE96F8-6150-B000-682B-5871D1F16D89}.Debug|Any CPU.Build.0 = Debug|Any CPU
		{45DE96F8-6150-B000-682B-5871D1F16D89}.Release|Any CPU.ActiveCfg = Release|Any CPU
		{45DE96F8-6150-B000-682B-5871D1F16D89}.Release|Any CPU.Build.0 = Release|Any CPU
		{5F67664D-B88D-A18D-DFF7-EDBC6B625690}.Debug|Any CPU.ActiveCfg = Debug|Any CPU
		{5F67664D-B88D-A18D-DFF7-EDBC6B625690}.Debug|Any CPU.Build.0 = Debug|Any CPU
		{5F67664D-B88D-A18D-DFF7-EDBC6B625690}.Release|Any CPU.ActiveCfg = Release|Any CPU
		{5F67664D-B88D-A18D-DFF7-EDBC6B625690}.Release|Any CPU.Build.0 = Release|Any CPU
		{BB0775B2-E257-7AC9-42ED-802C594AA1C9}.Debug|Any CPU.ActiveCfg = Debug|Any CPU
		{BB0775B2-E257-7AC9-42ED-802C594AA1C9}.Debug|Any CPU.Build.0 = Debug|Any CPU
		{BB0775B2-E257-7AC9-42ED-802C594AA1C9}.Release|Any CPU.ActiveCfg = Release|Any CPU
		{BB0775B2-E257-7AC9-42ED-802C594AA1C9}.Release|Any CPU.Build.0 = Release|Any CPU
		{675E63D7-77DD-4615-25D9-CC5F5E616CE0}.Debug|Any CPU.ActiveCfg = Debug|Any CPU
		{675E63D7-77DD-4615-25D9-CC5F5E616CE0}.Debug|Any CPU.Build.0 = Debug|Any CPU
		{675E63D7-77DD-4615-25D9-CC5F5E616CE0}.Release|Any CPU.ActiveCfg = Release|Any CPU
		{675E63D7-77DD-4615-25D9-CC5F5E616CE0}.Release|Any CPU.Build.0 = Release|Any CPU
		{D1475E13-050F-F440-54F8-973E015D4E82}.Debug|Any CPU.ActiveCfg = Debug|Any CPU
		{D1475E13-050F-F440-54F8-973E015D4E82}.Debug|Any CPU.Build.0 = Debug|Any CPU
		{D1475E13-050F-F440-54F8-973E015D4E82}.Release|Any CPU.ActiveCfg = Release|Any CPU
		{D1475E13-050F-F440-54F8-973E015D4E82}.Release|Any CPU.Build.0 = Release|Any CPU
		{5090CB19-057D-4058-567A-EAB365838B93}.Debug|Any CPU.ActiveCfg = Debug|Any CPU
		{5090CB19-057D-4058-567A-EAB365838B93}.Debug|Any CPU.Build.0 = Debug|Any CPU
		{5090CB19-057D-4058-567A-EAB365838B93}.Release|Any CPU.ActiveCfg = Release|Any CPU
		{5090CB19-057D-4058-567A-EAB365838B93}.Release|Any CPU.Build.0 = Release|Any CPU
		{34349D2C-31E5-E51A-D8C6-B533907D8DF3}.Debug|Any CPU.ActiveCfg = Debug|Any CPU
		{34349D2C-31E5-E51A-D8C6-B533907D8DF3}.Debug|Any CPU.Build.0 = Debug|Any CPU
		{34349D2C-31E5-E51A-D8C6-B533907D8DF3}.Release|Any CPU.ActiveCfg = Release|Any CPU
		{34349D2C-31E5-E51A-D8C6-B533907D8DF3}.Release|Any CPU.Build.0 = Release|Any CPU
		{9E252A24-7247-18DC-FC9C-07C47364E29E}.Debug|Any CPU.ActiveCfg = Debug|Any CPU
		{9E252A24-7247-18DC-FC9C-07C47364E29E}.Debug|Any CPU.Build.0 = Debug|Any CPU
		{9E252A24-7247-18DC-FC9C-07C47364E29E}.Release|Any CPU.ActiveCfg = Release|Any CPU
		{9E252A24-7247-18DC-FC9C-07C47364E29E}.Release|Any CPU.Build.0 = Release|Any CPU
		{FD399B0D-5756-B569-E936-D26C6DC557B4}.Debug|Any CPU.ActiveCfg = Debug|Any CPU
		{FD399B0D-5756-B569-E936-D26C6DC557B4}.Debug|Any CPU.Build.0 = Debug|Any CPU
		{FD399B0D-5756-B569-E936-D26C6DC557B4}.Release|Any CPU.ActiveCfg = Release|Any CPU
		{FD399B0D-5756-B569-E936-D26C6DC557B4}.Release|Any CPU.Build.0 = Release|Any CPU
		{A7D70B45-83B9-28C1-CA65-A7DF909CB7FC}.Debug|Any CPU.ActiveCfg = Debug|Any CPU
		{A7D70B45-83B9-28C1-CA65-A7DF909CB7FC}.Debug|Any CPU.Build.0 = Debug|Any CPU
		{A7D70B45-83B9-28C1-CA65-A7DF909CB7FC}.Release|Any CPU.ActiveCfg = Release|Any CPU
		{A7D70B45-83B9-28C1-CA65-A7DF909CB7FC}.Release|Any CPU.Build.0 = Release|Any CPU
		{F3C2F878-48F5-934D-5C08-0991808211DD}.Debug|Any CPU.ActiveCfg = Debug|Any CPU
		{F3C2F878-48F5-934D-5C08-0991808211DD}.Debug|Any CPU.Build.0 = Debug|Any CPU
		{F3C2F878-48F5-934D-5C08-0991808211DD}.Release|Any CPU.ActiveCfg = Release|Any CPU
		{F3C2F878-48F5-934D-5C08-0991808211DD}.Release|Any CPU.Build.0 = Release|Any CPU
		{37741085-C37C-B4CA-FEF0-A0FCAD7B090A}.Debug|Any CPU.ActiveCfg = Debug|Any CPU
		{37741085-C37C-B4CA-FEF0-A0FCAD7B090A}.Debug|Any CPU.Build.0 = Debug|Any CPU
		{37741085-C37C-B4CA-FEF0-A0FCAD7B090A}.Release|Any CPU.ActiveCfg = Release|Any CPU
		{37741085-C37C-B4CA-FEF0-A0FCAD7B090A}.Release|Any CPU.Build.0 = Release|Any CPU
		{B72588D1-2D82-B5F4-A829-8B6946DA1435}.Debug|Any CPU.ActiveCfg = Debug|Any CPU
		{B72588D1-2D82-B5F4-A829-8B6946DA1435}.Debug|Any CPU.Build.0 = Debug|Any CPU
		{B72588D1-2D82-B5F4-A829-8B6946DA1435}.Release|Any CPU.ActiveCfg = Release|Any CPU
		{B72588D1-2D82-B5F4-A829-8B6946DA1435}.Release|Any CPU.Build.0 = Release|Any CPU
		{D0CDA358-0F6F-61C5-9E54-55ABF63617E8}.Debug|Any CPU.ActiveCfg = Debug|Any CPU
		{D0CDA358-0F6F-61C5-9E54-55ABF63617E8}.Debug|Any CPU.Build.0 = Debug|Any CPU
		{D0CDA358-0F6F-61C5-9E54-55ABF63617E8}.Release|Any CPU.ActiveCfg = Release|Any CPU
		{D0CDA358-0F6F-61C5-9E54-55ABF63617E8}.Release|Any CPU.Build.0 = Release|Any CPU
		{9CAA596F-1A81-84C4-226D-9C148E204CD2}.Debug|Any CPU.ActiveCfg = Debug|Any CPU
		{9CAA596F-1A81-84C4-226D-9C148E204CD2}.Debug|Any CPU.Build.0 = Debug|Any CPU
		{9CAA596F-1A81-84C4-226D-9C148E204CD2}.Release|Any CPU.ActiveCfg = Release|Any CPU
		{9CAA596F-1A81-84C4-226D-9C148E204CD2}.Release|Any CPU.Build.0 = Release|Any CPU
		{7DF31D70-290C-7EC9-B2BA-F14E7AE5637B}.Debug|Any CPU.ActiveCfg = Debug|Any CPU
		{7DF31D70-290C-7EC9-B2BA-F14E7AE5637B}.Debug|Any CPU.Build.0 = Debug|Any CPU
		{7DF31D70-290C-7EC9-B2BA-F14E7AE5637B}.Release|Any CPU.ActiveCfg = Release|Any CPU
		{7DF31D70-290C-7EC9-B2BA-F14E7AE5637B}.Release|Any CPU.Build.0 = Release|Any CPU
		{BBF68D15-74CA-7824-257F-1BD046C528F8}.Debug|Any CPU.ActiveCfg = Debug|Any CPU
		{BBF68D15-74CA-7824-257F-1BD046C528F8}.Debug|Any CPU.Build.0 = Debug|Any CPU
		{BBF68D15-74CA-7824-257F-1BD046C528F8}.Release|Any CPU.ActiveCfg = Release|Any CPU
		{BBF68D15-74CA-7824-257F-1BD046C528F8}.Release|Any CPU.Build.0 = Release|Any CPU
		{F48F351C-C4D7-07B8-C896-B35B94B7AE98}.Debug|Any CPU.ActiveCfg = Debug|Any CPU
		{F48F351C-C4D7-07B8-C896-B35B94B7AE98}.Debug|Any CPU.Build.0 = Debug|Any CPU
		{F48F351C-C4D7-07B8-C896-B35B94B7AE98}.Release|Any CPU.ActiveCfg = Release|Any CPU
		{F48F351C-C4D7-07B8-C896-B35B94B7AE98}.Release|Any CPU.Build.0 = Release|Any CPU
		{14317745-454F-B01E-2697-D2707F8B19A4}.Debug|Any CPU.ActiveCfg = Debug|Any CPU
		{14317745-454F-B01E-2697-D2707F8B19A4}.Debug|Any CPU.Build.0 = Debug|Any CPU
		{14317745-454F-B01E-2697-D2707F8B19A4}.Release|Any CPU.ActiveCfg = Release|Any CPU
		{14317745-454F-B01E-2697-D2707F8B19A4}.Release|Any CPU.Build.0 = Release|Any CPU
		{0BF1DE9A-7E72-91BA-ABE6-66DB68A91456}.Debug|Any CPU.ActiveCfg = Debug|Any CPU
		{0BF1DE9A-7E72-91BA-ABE6-66DB68A91456}.Debug|Any CPU.Build.0 = Debug|Any CPU
		{0BF1DE9A-7E72-91BA-ABE6-66DB68A91456}.Release|Any CPU.ActiveCfg = Release|Any CPU
		{0BF1DE9A-7E72-91BA-ABE6-66DB68A91456}.Release|Any CPU.Build.0 = Release|Any CPU
		{07E83FD8-FE8E-36F1-6A2C-1E7A0F43236B}.Debug|Any CPU.ActiveCfg = Debug|Any CPU
		{07E83FD8-FE8E-36F1-6A2C-1E7A0F43236B}.Debug|Any CPU.Build.0 = Debug|Any CPU
		{07E83FD8-FE8E-36F1-6A2C-1E7A0F43236B}.Release|Any CPU.ActiveCfg = Release|Any CPU
		{07E83FD8-FE8E-36F1-6A2C-1E7A0F43236B}.Release|Any CPU.Build.0 = Release|Any CPU
		{6507A93B-2859-1FC8-913D-9E2267CB6FD8}.Debug|Any CPU.ActiveCfg = Debug|Any CPU
		{6507A93B-2859-1FC8-913D-9E2267CB6FD8}.Debug|Any CPU.Build.0 = Debug|Any CPU
		{6507A93B-2859-1FC8-913D-9E2267CB6FD8}.Release|Any CPU.ActiveCfg = Release|Any CPU
		{6507A93B-2859-1FC8-913D-9E2267CB6FD8}.Release|Any CPU.Build.0 = Release|Any CPU
		{8547F167-384A-732B-3DC3-5F9F4C247A5C}.Debug|Any CPU.ActiveCfg = Debug|Any CPU
		{8547F167-384A-732B-3DC3-5F9F4C247A5C}.Debug|Any CPU.Build.0 = Debug|Any CPU
		{8547F167-384A-732B-3DC3-5F9F4C247A5C}.Release|Any CPU.ActiveCfg = Release|Any CPU
		{8547F167-384A-732B-3DC3-5F9F4C247A5C}.Release|Any CPU.Build.0 = Release|Any CPU
		{6C6034F0-2A24-C035-51BE-8FCAF1A4CD19}.Debug|Any CPU.ActiveCfg = Debug|Any CPU
		{6C6034F0-2A24-C035-51BE-8FCAF1A4CD19}.Debug|Any CPU.Build.0 = Debug|Any CPU
		{6C6034F0-2A24-C035-51BE-8FCAF1A4CD19}.Release|Any CPU.ActiveCfg = Release|Any CPU
		{6C6034F0-2A24-C035-51BE-8FCAF1A4CD19}.Release|Any CPU.Build.0 = Release|Any CPU
		{B6E7D31C-5B22-6BBD-EC3E-2307A87D69D2}.Debug|Any CPU.ActiveCfg = Debug|Any CPU
		{B6E7D31C-5B22-6BBD-EC3E-2307A87D69D2}.Debug|Any CPU.Build.0 = Debug|Any CPU
		{B6E7D31C-5B22-6BBD-EC3E-2307A87D69D2}.Release|Any CPU.ActiveCfg = Release|Any CPU
		{B6E7D31C-5B22-6BBD-EC3E-2307A87D69D2}.Release|Any CPU.Build.0 = Release|Any CPU
		{B1715E8D-8FC0-7A9C-3488-841DEBDE9015}.Debug|Any CPU.ActiveCfg = Debug|Any CPU
		{B1715E8D-8FC0-7A9C-3488-841DEBDE9015}.Debug|Any CPU.Build.0 = Debug|Any CPU
		{B1715E8D-8FC0-7A9C-3488-841DEBDE9015}.Release|Any CPU.ActiveCfg = Release|Any CPU
		{B1715E8D-8FC0-7A9C-3488-841DEBDE9015}.Release|Any CPU.Build.0 = Release|Any CPU
		{3F1EA954-98F5-E806-B188-8EEBD1CD4E25}.Debug|Any CPU.ActiveCfg = Debug|Any CPU
		{3F1EA954-98F5-E806-B188-8EEBD1CD4E25}.Debug|Any CPU.Build.0 = Debug|Any CPU
		{3F1EA954-98F5-E806-B188-8EEBD1CD4E25}.Release|Any CPU.ActiveCfg = Release|Any CPU
		{3F1EA954-98F5-E806-B188-8EEBD1CD4E25}.Release|Any CPU.Build.0 = Release|Any CPU
		{5A89DFA7-C856-7ED0-4DF4-BD3E1CAF0094}.Debug|Any CPU.ActiveCfg = Debug|Any CPU
		{5A89DFA7-C856-7ED0-4DF4-BD3E1CAF0094}.Debug|Any CPU.Build.0 = Debug|Any CPU
		{5A89DFA7-C856-7ED0-4DF4-BD3E1CAF0094}.Release|Any CPU.ActiveCfg = Release|Any CPU
		{5A89DFA7-C856-7ED0-4DF4-BD3E1CAF0094}.Release|Any CPU.Build.0 = Release|Any CPU
		{9496A240-4021-8C75-DE44-30AF120DDF3F}.Debug|Any CPU.ActiveCfg = Debug|Any CPU
		{9496A240-4021-8C75-DE44-30AF120DDF3F}.Debug|Any CPU.Build.0 = Debug|Any CPU
		{9496A240-4021-8C75-DE44-30AF120DDF3F}.Release|Any CPU.ActiveCfg = Release|Any CPU
		{9496A240-4021-8C75-DE44-30AF120DDF3F}.Release|Any CPU.Build.0 = Release|Any CPU
		{1D578F8A-4E0F-77D4-53AF-8BB3AF30F530}.Debug|Any CPU.ActiveCfg = Debug|Any CPU
		{1D578F8A-4E0F-77D4-53AF-8BB3AF30F530}.Debug|Any CPU.Build.0 = Debug|Any CPU
		{1D578F8A-4E0F-77D4-53AF-8BB3AF30F530}.Release|Any CPU.ActiveCfg = Release|Any CPU
		{1D578F8A-4E0F-77D4-53AF-8BB3AF30F530}.Release|Any CPU.Build.0 = Release|Any CPU
		{21FC3CD3-B131-C934-EA9D-54A86582B75A}.Debug|Any CPU.ActiveCfg = Debug|Any CPU
		{21FC3CD3-B131-C934-EA9D-54A86582B75A}.Debug|Any CPU.Build.0 = Debug|Any CPU
		{21FC3CD3-B131-C934-EA9D-54A86582B75A}.Release|Any CPU.ActiveCfg = Release|Any CPU
		{21FC3CD3-B131-C934-EA9D-54A86582B75A}.Release|Any CPU.Build.0 = Release|Any CPU
		{4032CA76-B493-357B-5A3D-8568E83EE42C}.Debug|Any CPU.ActiveCfg = Debug|Any CPU
		{4032CA76-B493-357B-5A3D-8568E83EE42C}.Debug|Any CPU.Build.0 = Debug|Any CPU
		{4032CA76-B493-357B-5A3D-8568E83EE42C}.Release|Any CPU.ActiveCfg = Release|Any CPU
		{4032CA76-B493-357B-5A3D-8568E83EE42C}.Release|Any CPU.Build.0 = Release|Any CPU
		{EC0E403C-B5DF-84CA-330A-6B910436C4A0}.Debug|Any CPU.ActiveCfg = Debug|Any CPU
		{EC0E403C-B5DF-84CA-330A-6B910436C4A0}.Debug|Any CPU.Build.0 = Debug|Any CPU
		{EC0E403C-B5DF-84CA-330A-6B910436C4A0}.Release|Any CPU.ActiveCfg = Release|Any CPU
		{EC0E403C-B5DF-84CA-330A-6B910436C4A0}.Release|Any CPU.Build.0 = Release|Any CPU
		{DF6E3B73-B9E5-C280-FC94-1A7AD900850E}.Debug|Any CPU.ActiveCfg = Debug|Any CPU
		{DF6E3B73-B9E5-C280-FC94-1A7AD900850E}.Debug|Any CPU.Build.0 = Debug|Any CPU
		{DF6E3B73-B9E5-C280-FC94-1A7AD900850E}.Release|Any CPU.ActiveCfg = Release|Any CPU
		{DF6E3B73-B9E5-C280-FC94-1A7AD900850E}.Release|Any CPU.Build.0 = Release|Any CPU
		{59388158-F4E4-A1A4-96D2-306AF9F2286A}.Debug|Any CPU.ActiveCfg = Debug|Any CPU
		{59388158-F4E4-A1A4-96D2-306AF9F2286A}.Debug|Any CPU.Build.0 = Debug|Any CPU
		{59388158-F4E4-A1A4-96D2-306AF9F2286A}.Release|Any CPU.ActiveCfg = Release|Any CPU
		{59388158-F4E4-A1A4-96D2-306AF9F2286A}.Release|Any CPU.Build.0 = Release|Any CPU
		{64B4EAA5-8AA2-5850-8A28-43DF4A8FEFDB}.Debug|Any CPU.ActiveCfg = Debug|Any CPU
		{64B4EAA5-8AA2-5850-8A28-43DF4A8FEFDB}.Debug|Any CPU.Build.0 = Debug|Any CPU
		{64B4EAA5-8AA2-5850-8A28-43DF4A8FEFDB}.Release|Any CPU.ActiveCfg = Release|Any CPU
		{64B4EAA5-8AA2-5850-8A28-43DF4A8FEFDB}.Release|Any CPU.Build.0 = Release|Any CPU
		{ECBB42D1-A9C2-40B6-41A6-BA9CA760A185}.Debug|Any CPU.ActiveCfg = Debug|Any CPU
		{ECBB42D1-A9C2-40B6-41A6-BA9CA760A185}.Debug|Any CPU.Build.0 = Debug|Any CPU
		{ECBB42D1-A9C2-40B6-41A6-BA9CA760A185}.Release|Any CPU.ActiveCfg = Release|Any CPU
		{ECBB42D1-A9C2-40B6-41A6-BA9CA760A185}.Release|Any CPU.Build.0 = Release|Any CPU
		{00A402B2-92CC-B026-7261-3E1E45D0DAF8}.Debug|Any CPU.ActiveCfg = Debug|Any CPU
		{00A402B2-92CC-B026-7261-3E1E45D0DAF8}.Debug|Any CPU.Build.0 = Debug|Any CPU
		{00A402B2-92CC-B026-7261-3E1E45D0DAF8}.Release|Any CPU.ActiveCfg = Release|Any CPU
		{00A402B2-92CC-B026-7261-3E1E45D0DAF8}.Release|Any CPU.Build.0 = Release|Any CPU
		{727B8E52-3D66-AE7B-BD38-F9D8FD88DD56}.Debug|Any CPU.ActiveCfg = Debug|Any CPU
		{727B8E52-3D66-AE7B-BD38-F9D8FD88DD56}.Debug|Any CPU.Build.0 = Debug|Any CPU
		{727B8E52-3D66-AE7B-BD38-F9D8FD88DD56}.Release|Any CPU.ActiveCfg = Release|Any CPU
		{727B8E52-3D66-AE7B-BD38-F9D8FD88DD56}.Release|Any CPU.Build.0 = Release|Any CPU
		{BA2FB561-2A3F-E7AB-3761-5B90784852F5}.Debug|Any CPU.ActiveCfg = Debug|Any CPU
		{BA2FB561-2A3F-E7AB-3761-5B90784852F5}.Debug|Any CPU.Build.0 = Debug|Any CPU
		{BA2FB561-2A3F-E7AB-3761-5B90784852F5}.Release|Any CPU.ActiveCfg = Release|Any CPU
		{BA2FB561-2A3F-E7AB-3761-5B90784852F5}.Release|Any CPU.Build.0 = Release|Any CPU
		{F1CA471D-22AC-18A9-132D-9C670FF66678}.Debug|Any CPU.ActiveCfg = Debug|Any CPU
		{F1CA471D-22AC-18A9-132D-9C670FF66678}.Debug|Any CPU.Build.0 = Debug|Any CPU
		{F1CA471D-22AC-18A9-132D-9C670FF66678}.Release|Any CPU.ActiveCfg = Release|Any CPU
		{F1CA471D-22AC-18A9-132D-9C670FF66678}.Release|Any CPU.Build.0 = Release|Any CPU
		{66217A69-78AD-E46C-9633-3D65858A29B5}.Debug|Any CPU.ActiveCfg = Debug|Any CPU
		{66217A69-78AD-E46C-9633-3D65858A29B5}.Debug|Any CPU.Build.0 = Debug|Any CPU
		{66217A69-78AD-E46C-9633-3D65858A29B5}.Release|Any CPU.ActiveCfg = Release|Any CPU
		{66217A69-78AD-E46C-9633-3D65858A29B5}.Release|Any CPU.Build.0 = Release|Any CPU
		{31AC8158-7C83-018B-709E-1EF63B6E8227}.Debug|Any CPU.ActiveCfg = Debug|Any CPU
		{31AC8158-7C83-018B-709E-1EF63B6E8227}.Debug|Any CPU.Build.0 = Debug|Any CPU
		{31AC8158-7C83-018B-709E-1EF63B6E8227}.Release|Any CPU.ActiveCfg = Release|Any CPU
		{31AC8158-7C83-018B-709E-1EF63B6E8227}.Release|Any CPU.Build.0 = Release|Any CPU
		{EDE22954-09E1-9640-A078-0645CA9124B1}.Debug|Any CPU.ActiveCfg = Debug|Any CPU
		{EDE22954-09E1-9640-A078-0645CA9124B1}.Debug|Any CPU.Build.0 = Debug|Any CPU
		{EDE22954-09E1-9640-A078-0645CA9124B1}.Release|Any CPU.ActiveCfg = Release|Any CPU
		{EDE22954-09E1-9640-A078-0645CA9124B1}.Release|Any CPU.Build.0 = Release|Any CPU
		{C05B3382-221F-81EE-D922-1D4566EE5271}.Debug|Any CPU.ActiveCfg = Debug|Any CPU
		{C05B3382-221F-81EE-D922-1D4566EE5271}.Debug|Any CPU.Build.0 = Debug|Any CPU
		{C05B3382-221F-81EE-D922-1D4566EE5271}.Release|Any CPU.ActiveCfg = Release|Any CPU
		{C05B3382-221F-81EE-D922-1D4566EE5271}.Release|Any CPU.Build.0 = Release|Any CPU
		{811FDE3E-F9F4-7C15-A875-F2B2FCD75F42}.Debug|Any CPU.ActiveCfg = Debug|Any CPU
		{811FDE3E-F9F4-7C15-A875-F2B2FCD75F42}.Debug|Any CPU.Build.0 = Debug|Any CPU
		{811FDE3E-F9F4-7C15-A875-F2B2FCD75F42}.Release|Any CPU.ActiveCfg = Release|Any CPU
		{811FDE3E-F9F4-7C15-A875-F2B2FCD75F42}.Release|Any CPU.Build.0 = Release|Any CPU
		{1D02E31F-51C1-523C-5B60-68B5D4D47551}.Debug|Any CPU.ActiveCfg = Debug|Any CPU
		{1D02E31F-51C1-523C-5B60-68B5D4D47551}.Debug|Any CPU.Build.0 = Debug|Any CPU
		{1D02E31F-51C1-523C-5B60-68B5D4D47551}.Release|Any CPU.ActiveCfg = Release|Any CPU
		{1D02E31F-51C1-523C-5B60-68B5D4D47551}.Release|Any CPU.Build.0 = Release|Any CPU
		{E0E8D510-D19B-B241-53C9-6E2C70644364}.Debug|Any CPU.ActiveCfg = Debug|Any CPU
		{E0E8D510-D19B-B241-53C9-6E2C70644364}.Debug|Any CPU.Build.0 = Debug|Any CPU
		{E0E8D510-D19B-B241-53C9-6E2C70644364}.Release|Any CPU.ActiveCfg = Release|Any CPU
		{E0E8D510-D19B-B241-53C9-6E2C70644364}.Release|Any CPU.Build.0 = Release|Any CPU
		{869985E5-76C4-5DD2-0A5C-5E6D345C179E}.Debug|Any CPU.ActiveCfg = Debug|Any CPU
		{869985E5-76C4-5DD2-0A5C-5E6D345C179E}.Debug|Any CPU.Build.0 = Debug|Any CPU
		{869985E5-76C4-5DD2-0A5C-5E6D345C179E}.Release|Any CPU.ActiveCfg = Release|Any CPU
		{869985E5-76C4-5DD2-0A5C-5E6D345C179E}.Release|Any CPU.Build.0 = Release|Any CPU
		{30C19096-07FC-A6E1-DB60-62107C6BA783}.Debug|Any CPU.ActiveCfg = Debug|Any CPU
		{30C19096-07FC-A6E1-DB60-62107C6BA783}.Debug|Any CPU.Build.0 = Debug|Any CPU
		{30C19096-07FC-A6E1-DB60-62107C6BA783}.Release|Any CPU.ActiveCfg = Release|Any CPU
		{30C19096-07FC-A6E1-DB60-62107C6BA783}.Release|Any CPU.Build.0 = Release|Any CPU
		{D35AB74B-780F-6F44-D4E3-4223C8C8DC8D}.Debug|Any CPU.ActiveCfg = Debug|Any CPU
		{D35AB74B-780F-6F44-D4E3-4223C8C8DC8D}.Debug|Any CPU.Build.0 = Debug|Any CPU
		{D35AB74B-780F-6F44-D4E3-4223C8C8DC8D}.Release|Any CPU.ActiveCfg = Release|Any CPU
		{D35AB74B-780F-6F44-D4E3-4223C8C8DC8D}.Release|Any CPU.Build.0 = Release|Any CPU
		{37CDCF3F-0389-B63F-5625-A1C74B87B5B7}.Debug|Any CPU.ActiveCfg = Debug|Any CPU
		{37CDCF3F-0389-B63F-5625-A1C74B87B5B7}.Debug|Any CPU.Build.0 = Debug|Any CPU
		{37CDCF3F-0389-B63F-5625-A1C74B87B5B7}.Release|Any CPU.ActiveCfg = Release|Any CPU
		{37CDCF3F-0389-B63F-5625-A1C74B87B5B7}.Release|Any CPU.Build.0 = Release|Any CPU
		{0ED343D0-42B1-8ED9-F587-90C43FB6D8BA}.Debug|Any CPU.ActiveCfg = Debug|Any CPU
		{0ED343D0-42B1-8ED9-F587-90C43FB6D8BA}.Debug|Any CPU.Build.0 = Debug|Any CPU
		{0ED343D0-42B1-8ED9-F587-90C43FB6D8BA}.Release|Any CPU.ActiveCfg = Release|Any CPU
		{0ED343D0-42B1-8ED9-F587-90C43FB6D8BA}.Release|Any CPU.Build.0 = Release|Any CPU
		{466C101C-775C-9DA1-FFE6-1FC7E8A31A1B}.Debug|Any CPU.ActiveCfg = Debug|Any CPU
		{466C101C-775C-9DA1-FFE6-1FC7E8A31A1B}.Debug|Any CPU.Build.0 = Debug|Any CPU
		{466C101C-775C-9DA1-FFE6-1FC7E8A31A1B}.Release|Any CPU.ActiveCfg = Release|Any CPU
		{466C101C-775C-9DA1-FFE6-1FC7E8A31A1B}.Release|Any CPU.Build.0 = Release|Any CPU
		{F2BCBB74-6AC0-BB8F-3C3A-0A17D53927D9}.Debug|Any CPU.ActiveCfg = Debug|Any CPU
		{F2BCBB74-6AC0-BB8F-3C3A-0A17D53927D9}.Debug|Any CPU.Build.0 = Debug|Any CPU
		{F2BCBB74-6AC0-BB8F-3C3A-0A17D53927D9}.Release|Any CPU.ActiveCfg = Release|Any CPU
		{F2BCBB74-6AC0-BB8F-3C3A-0A17D53927D9}.Release|Any CPU.Build.0 = Release|Any CPU
		{C4128F00-F8C6-F193-EEA8-D14C50522E9B}.Debug|Any CPU.ActiveCfg = Debug|Any CPU
		{C4128F00-F8C6-F193-EEA8-D14C50522E9B}.Debug|Any CPU.Build.0 = Debug|Any CPU
		{C4128F00-F8C6-F193-EEA8-D14C50522E9B}.Release|Any CPU.ActiveCfg = Release|Any CPU
		{C4128F00-F8C6-F193-EEA8-D14C50522E9B}.Release|Any CPU.Build.0 = Release|Any CPU
		{D90CE579-1DB1-9FC7-8189-451F996ACB27}.Debug|Any CPU.ActiveCfg = Debug|Any CPU
		{D90CE579-1DB1-9FC7-8189-451F996ACB27}.Debug|Any CPU.Build.0 = Debug|Any CPU
		{D90CE579-1DB1-9FC7-8189-451F996ACB27}.Release|Any CPU.ActiveCfg = Release|Any CPU
		{D90CE579-1DB1-9FC7-8189-451F996ACB27}.Release|Any CPU.Build.0 = Release|Any CPU
		{093BE37F-3463-ACAF-3A02-231C5108C8D2}.Debug|Any CPU.ActiveCfg = Debug|Any CPU
		{093BE37F-3463-ACAF-3A02-231C5108C8D2}.Debug|Any CPU.Build.0 = Debug|Any CPU
		{093BE37F-3463-ACAF-3A02-231C5108C8D2}.Release|Any CPU.ActiveCfg = Release|Any CPU
		{093BE37F-3463-ACAF-3A02-231C5108C8D2}.Release|Any CPU.Build.0 = Release|Any CPU
		{AC63EBE7-128E-FD30-C475-A0A0498AB1A9}.Debug|Any CPU.ActiveCfg = Debug|Any CPU
		{AC63EBE7-128E-FD30-C475-A0A0498AB1A9}.Debug|Any CPU.Build.0 = Debug|Any CPU
		{AC63EBE7-128E-FD30-C475-A0A0498AB1A9}.Release|Any CPU.ActiveCfg = Release|Any CPU
		{AC63EBE7-128E-FD30-C475-A0A0498AB1A9}.Release|Any CPU.Build.0 = Release|Any CPU
		{A1D5F528-C520-8010-C634-8CFCEA395C08}.Debug|Any CPU.ActiveCfg = Debug|Any CPU
		{A1D5F528-C520-8010-C634-8CFCEA395C08}.Debug|Any CPU.Build.0 = Debug|Any CPU
		{A1D5F528-C520-8010-C634-8CFCEA395C08}.Release|Any CPU.ActiveCfg = Release|Any CPU
		{A1D5F528-C520-8010-C634-8CFCEA395C08}.Release|Any CPU.Build.0 = Release|Any CPU
		{DA19F478-0E11-9BB6-0B3C-07BBAF74FCDE}.Debug|Any CPU.ActiveCfg = Debug|Any CPU
		{DA19F478-0E11-9BB6-0B3C-07BBAF74FCDE}.Debug|Any CPU.Build.0 = Debug|Any CPU
		{DA19F478-0E11-9BB6-0B3C-07BBAF74FCDE}.Release|Any CPU.ActiveCfg = Release|Any CPU
		{DA19F478-0E11-9BB6-0B3C-07BBAF74FCDE}.Release|Any CPU.Build.0 = Release|Any CPU
		{71A7BF34-8E17-F8AA-87FB-7C40B7890803}.Debug|Any CPU.ActiveCfg = Debug|Any CPU
		{71A7BF34-8E17-F8AA-87FB-7C40B7890803}.Debug|Any CPU.Build.0 = Debug|Any CPU
		{71A7BF34-8E17-F8AA-87FB-7C40B7890803}.Release|Any CPU.ActiveCfg = Release|Any CPU
		{71A7BF34-8E17-F8AA-87FB-7C40B7890803}.Release|Any CPU.Build.0 = Release|Any CPU
		{CB6607B2-6A1E-E789-F581-855AD50EA17B}.Debug|Any CPU.ActiveCfg = Debug|Any CPU
		{CB6607B2-6A1E-E789-F581-855AD50EA17B}.Debug|Any CPU.Build.0 = Debug|Any CPU
		{CB6607B2-6A1E-E789-F581-855AD50EA17B}.Release|Any CPU.ActiveCfg = Release|Any CPU
		{CB6607B2-6A1E-E789-F581-855AD50EA17B}.Release|Any CPU.Build.0 = Release|Any CPU
		{53C2C953-EA73-B813-FA30-4100A2DD3117}.Debug|Any CPU.ActiveCfg = Debug|Any CPU
		{53C2C953-EA73-B813-FA30-4100A2DD3117}.Debug|Any CPU.Build.0 = Debug|Any CPU
		{53C2C953-EA73-B813-FA30-4100A2DD3117}.Release|Any CPU.ActiveCfg = Release|Any CPU
		{53C2C953-EA73-B813-FA30-4100A2DD3117}.Release|Any CPU.Build.0 = Release|Any CPU
		{AE770AE1-4D7A-3220-1624-FD76E7F2B773}.Debug|Any CPU.ActiveCfg = Debug|Any CPU
		{AE770AE1-4D7A-3220-1624-FD76E7F2B773}.Debug|Any CPU.Build.0 = Debug|Any CPU
		{AE770AE1-4D7A-3220-1624-FD76E7F2B773}.Release|Any CPU.ActiveCfg = Release|Any CPU
		{AE770AE1-4D7A-3220-1624-FD76E7F2B773}.Release|Any CPU.Build.0 = Release|Any CPU
		{63A1A114-E7BC-3AE3-5C6E-4BD2A085B73A}.Debug|Any CPU.ActiveCfg = Debug|Any CPU
		{63A1A114-E7BC-3AE3-5C6E-4BD2A085B73A}.Debug|Any CPU.Build.0 = Debug|Any CPU
		{63A1A114-E7BC-3AE3-5C6E-4BD2A085B73A}.Release|Any CPU.ActiveCfg = Release|Any CPU
		{63A1A114-E7BC-3AE3-5C6E-4BD2A085B73A}.Release|Any CPU.Build.0 = Release|Any CPU
		{09B7D19C-D603-94A7-6511-2970C3BE8708}.Debug|Any CPU.ActiveCfg = Debug|Any CPU
		{09B7D19C-D603-94A7-6511-2970C3BE8708}.Debug|Any CPU.Build.0 = Debug|Any CPU
		{09B7D19C-D603-94A7-6511-2970C3BE8708}.Release|Any CPU.ActiveCfg = Release|Any CPU
		{09B7D19C-D603-94A7-6511-2970C3BE8708}.Release|Any CPU.Build.0 = Release|Any CPU
		{14F0111B-7DB4-2205-11DB-540A9D06149F}.Debug|Any CPU.ActiveCfg = Debug|Any CPU
		{14F0111B-7DB4-2205-11DB-540A9D06149F}.Debug|Any CPU.Build.0 = Debug|Any CPU
		{14F0111B-7DB4-2205-11DB-540A9D06149F}.Release|Any CPU.ActiveCfg = Release|Any CPU
		{14F0111B-7DB4-2205-11DB-540A9D06149F}.Release|Any CPU.Build.0 = Release|Any CPU
		{250D9C9D-87C9-FC05-8DF1-70444DEF1D54}.Debug|Any CPU.ActiveCfg = Debug|Any CPU
		{250D9C9D-87C9-FC05-8DF1-70444DEF1D54}.Debug|Any CPU.Build.0 = Debug|Any CPU
		{250D9C9D-87C9-FC05-8DF1-70444DEF1D54}.Release|Any CPU.ActiveCfg = Release|Any CPU
		{250D9C9D-87C9-FC05-8DF1-70444DEF1D54}.Release|Any CPU.Build.0 = Release|Any CPU
		{E85408AB-BD06-3393-EA13-9BB291B52A4D}.Debug|Any CPU.ActiveCfg = Debug|Any CPU
		{E85408AB-BD06-3393-EA13-9BB291B52A4D}.Debug|Any CPU.Build.0 = Debug|Any CPU
		{E85408AB-BD06-3393-EA13-9BB291B52A4D}.Release|Any CPU.ActiveCfg = Release|Any CPU
		{E85408AB-BD06-3393-EA13-9BB291B52A4D}.Release|Any CPU.Build.0 = Release|Any CPU
		{553B34A8-321C-F187-21A8-61C2784BE429}.Debug|Any CPU.ActiveCfg = Debug|Any CPU
		{553B34A8-321C-F187-21A8-61C2784BE429}.Debug|Any CPU.Build.0 = Debug|Any CPU
		{553B34A8-321C-F187-21A8-61C2784BE429}.Release|Any CPU.ActiveCfg = Release|Any CPU
		{553B34A8-321C-F187-21A8-61C2784BE429}.Release|Any CPU.Build.0 = Release|Any CPU
	EndGlobalSection
	GlobalSection(SolutionProperties) = preSolution
		HideSolutionNode = FALSE
	EndGlobalSection
EndGlobal
